
Microsoft Visual Studio Solution File, Format Version 12.00
# Visual Studio Version 17
VisualStudioVersion = 17.5.33530.505
MinimumVisualStudioVersion = 10.0.40219.1
Project("{FAE04EC0-301F-11D3-BF4B-00C04F79EFBC}") = "SuperAdventure", "SuperAdventure\SuperAdventure.csproj", "{0BFF14F5-9AFF-43BB-A263-3C2A29F63507}"
EndProject
Project("{FAE04EC0-301F-11D3-BF4B-00C04F79EFBC}") = "Engine", "Engine\Engine.csproj", "{66F0800D-B2BB-4EA0-AF90-6515193B5A60}"
EndProject
Global
	GlobalSection(SolutionConfigurationPlatforms) = preSolution
		Debug|Any CPU = Debug|Any CPU
		Release|Any CPU = Release|Any CPU
	EndGlobalSection
	GlobalSection(ProjectConfigurationPlatforms) = postSolution
		{0BFF14F5-9AFF-43BB-A263-3C2A29F63507}.Debug|Any CPU.ActiveCfg = Debug|Any CPU
		{0BFF14F5-9AFF-43BB-A263-3C2A29F63507}.Debug|Any CPU.Build.0 = Debug|Any CPU
		{0BFF14F5-9AFF-43BB-A263-3C2A29F63507}.Release|Any CPU.ActiveCfg = Release|Any CPU
		{0BFF14F5-9AFF-43BB-A263-3C2A29F63507}.Release|Any CPU.Build.0 = Release|Any CPU
		{66F0800D-B2BB-4EA0-AF90-6515193B5A60}.Debug|Any CPU.ActiveCfg = Debug|Any CPU
		{66F0800D-B2BB-4EA0-AF90-6515193B5A60}.Debug|Any CPU.Build.0 = Debug|Any CPU
		{66F0800D-B2BB-4EA0-AF90-6515193B5A60}.Release|Any CPU.ActiveCfg = Release|Any CPU
		{66F0800D-B2BB-4EA0-AF90-6515193B5A60}.Release|Any CPU.Build.0 = Release|Any CPU
	EndGlobalSection
	GlobalSection(SolutionProperties) = preSolution
		HideSolutionNode = FALSE
	EndGlobalSection
	GlobalSection(ExtensibilityGlobals) = postSolution
		SolutionGuid = {A9E73F35-4CD3-4C19-8E7C-906E2C3DB5BB}
	EndGlobalSection
EndGlobal
